// !$*UTF8*$!
{
	archiveVersion = 1;
	classes = {
	};
	objectVersion = 77;
	objects = {

/* Begin PBXBuildFile section */
		A8A57E5F2F6ACCCC001981F1 /* Info.plist in Resources */ = {isa = PBXBuildFile; fileRef = A8A57E5E2F6ACCCC001981F1 /* Info.plist */; };
		A8A57E612F6AFE28001981F1 /* WhatToReadNextView.swift in Sources */ = {isa = PBXBuildFile; fileRef = A8A57E602F6AFE28001981F1 /* WhatToReadNextView.swift */; };
		BB000001BB000001BB000001 /* ComicSearchService.swift in Sources */ = {isa = PBXBuildFile; fileRef = BB000002BB000002BB000002 /* ComicSearchService.swift */; };
		BB000003BB000003BB000003 /* ComicSearchSection.swift in Sources */ = {isa = PBXBuildFile; fileRef = BB000004BB000004BB000004 /* ComicSearchSection.swift */; };
		BB000005BB000005BB000005 /* KeychainHelper.swift in Sources */ = {isa = PBXBuildFile; fileRef = BB000006BB000006BB000006 /* KeychainHelper.swift */; };
		BB000007BB000007BB000007 /* MALImportService.swift in Sources */ = {isa = PBXBuildFile; fileRef = BB000008BB000008BB000008 /* MALImportService.swift */; };
		BB000009BB000009BB000009 /* MALImportView.swift in Sources */ = {isa = PBXBuildFile; fileRef = BB000010BB000010BB000010 /* MALImportView.swift */; };
		BB000015BB000015BB000015 /* StarRatingView.swift in Sources */ = {isa = PBXBuildFile; fileRef = BB000016BB000016BB000016 /* StarRatingView.swift */; };
		BB000017BB000017BB000017 /* SeriesGridView.swift in Sources */ = {isa = PBXBuildFile; fileRef = BB000018BB000018BB000018 /* SeriesGridView.swift */; };
		BB000019BB000019BB000019 /* AppSchema.swift in Sources */ = {isa = PBXBuildFile; fileRef = BB000020BB000020BB000020 /* AppSchema.swift */; };
		BB000021BB000021BB000021 /* XLSXService.swift in Sources */ = {isa = PBXBuildFile; fileRef = BB000022BB000022BB000022 /* XLSXService.swift */; };
		BB000023BB000023BB000023 /* XLSXImportPreviewView.swift in Sources */ = {isa = PBXBuildFile; fileRef = BB000024BB000024BB000024 /* XLSXImportPreviewView.swift */; };
		BB000011BB000011BB000011 /* Secrets.swift in Sources */ = {isa = PBXBuildFile; fileRef = BB000012BB000012BB000012 /* Secrets.swift */; };
		A8C4EF8E2F28C63300DA6EB2 /* ContentView.swift in Sources */ = {isa = PBXBuildFile; fileRef = A8C4EF8D2F28C63300DA6EB2 /* ContentView.swift */; };
		A8C4EF902F28C63300DA6EB2 /* Item.swift in Sources */ = {isa = PBXBuildFile; fileRef = A8C4EF8F2F28C63300DA6EB2 /* Item.swift */; };
		A8C4EFBB2F29192700DA6EB2 /* Comic.swift in Sources */ = {isa = PBXBuildFile; fileRef = A8C4EFBA2F29192700DA6EB2 /* Comic.swift */; };
		A8C4EFBD2F2919BE00DA6EB2 /* ComicListe.swift in Sources */ = {isa = PBXBuildFile; fileRef = A8C4EFBC2F2919BE00DA6EB2 /* ComicListe.swift */; };
		A8C4EFBF2F291A7600DA6EB2 /* TestData.swift in Sources */ = {isa = PBXBuildFile; fileRef = A8C4EFBE2F291A7600DA6EB2 /* TestData.swift */; };
		A8C4EFC12F291B4B00DA6EB2 /* MainView.swift in Sources */ = {isa = PBXBuildFile; fileRef = A8C4EFC02F291B4B00DA6EB2 /* MainView.swift */; };
		A8C4EFC32F291B7500DA6EB2 /* SidebarView.swift in Sources */ = {isa = PBXBuildFile; fileRef = A8C4EFC22F291B7500DA6EB2 /* SidebarView.swift */; };
		A8C4EFC52F291C8100DA6EB2 /* ComicGridView.swift in Sources */ = {isa = PBXBuildFile; fileRef = A8C4EFC42F291C8100DA6EB2 /* ComicGridView.swift */; };
		A8C4EFC72F291C9E00DA6EB2 /* ComicCardView.swift in Sources */ = {isa = PBXBuildFile; fileRef = A8C4EFC62F291C9E00DA6EB2 /* ComicCardView.swift */; };
		A8C4EFC92F291E5E00DA6EB2 /* ComicViewModel.swift in Sources */ = {isa = PBXBuildFile; fileRef = A8C4EFC82F291E5E00DA6EB2 /* ComicViewModel.swift */; };
		A8C4EFCB2F291EC800DA6EB2 /* AddComicSheet.swift in Sources */ = {isa = PBXBuildFile; fileRef = A8C4EFCA2F291EC800DA6EB2 /* AddComicSheet.swift */; };
		A8C4EFCD2F29206800DA6EB2 /* ComicDetailView.swift in Sources */ = {isa = PBXBuildFile; fileRef = A8C4EFCC2F29206800DA6EB2 /* ComicDetailView.swift */; };
		A8C4EFCF2F29249900DA6EB2 /* AddListeSheet.swift in Sources */ = {isa = PBXBuildFile; fileRef = A8C4EFCE2F29249900DA6EB2 /* AddListeSheet.swift */; };
		A8C4EFD12F2924DF00DA6EB2 /* EditListeSheet.swift in Sources */ = {isa = PBXBuildFile; fileRef = A8C4EFD02F2924DF00DA6EB2 /* EditListeSheet.swift */; };
		A8C4EFD32F292BAE00DA6EB2 /* ImageManager.swift in Sources */ = {isa = PBXBuildFile; fileRef = A8C4EFD22F292BAE00DA6EB2 /* ImageManager.swift */; };
		A8C4EFD52F2A715200DA6EB2 /* ReadingOrderEntry.swift in Sources */ = {isa = PBXBuildFile; fileRef = A8C4EFD42F2A715200DA6EB2 /* ReadingOrderEntry.swift */; };
		A8F370592F2A7D9900831043 /* TestReadingOrder.swift in Sources */ = {isa = PBXBuildFile; fileRef = A8F370582F2A7D9900831043 /* TestReadingOrder.swift */; };
		A8F3705E2F2B52AD00831043 /* AddReadingOrderSheet.swift in Sources */ = {isa = PBXBuildFile; fileRef = A8F3705D2F2B52AD00831043 /* AddReadingOrderSheet.swift */; };
		A8F370602F2B6E6400831043 /* ReadingOrderContentView.swift in Sources */ = {isa = PBXBuildFile; fileRef = A8F3705F2F2B6E6400831043 /* ReadingOrderContentView.swift */; };
		A8F370622F2B714700831043 /* AddReadingOrderEntrySheet.swift in Sources */ = {isa = PBXBuildFile; fileRef = A8F370612F2B714700831043 /* AddReadingOrderEntrySheet.swift */; };
		A8F370642F2B7EA600831043 /* EditReadingOrderEntrySheet.swift in Sources */ = {isa = PBXBuildFile; fileRef = A8F370632F2B7EA600831043 /* EditReadingOrderEntrySheet.swift */; };
		A8F370662F2B8EF700831043 /* AddComicSheetForPlaceholder.swift in Sources */ = {isa = PBXBuildFile; fileRef = A8F370652F2B8EF700831043 /* AddComicSheetForPlaceholder.swift */; };
		A8F370682F2CAF9000831043 /* PlaceholderComic.swift in Sources */ = {isa = PBXBuildFile; fileRef = A8F370672F2CAF9000831043 /* PlaceholderComic.swift */; };
		A8F3706A2F2CF6B100831043 /* WishlistContentView.swift in Sources */ = {isa = PBXBuildFile; fileRef = A8F370692F2CF6B100831043 /* WishlistContentView.swift */; };
/* End PBXBuildFile section */

/* Begin PBXContainerItemProxy section */
		A8C4EF982F28C63500DA6EB2 /* PBXContainerItemProxy */ = {
			isa = PBXContainerItemProxy;
			containerPortal = A8C4EF802F28C63300DA6EB2 /* Project object */;
			proxyType = 1;
			remoteGlobalIDString = A8C4EF872F28C63300DA6EB2;
			remoteInfo = "Comic Archiv";
		};
		A8C4EFA22F28C63500DA6EB2 /* PBXContainerItemProxy */ = {
			isa = PBXContainerItemProxy;
			containerPortal = A8C4EF802F28C63300DA6EB2 /* Project object */;
			proxyType = 1;
			remoteGlobalIDString = A8C4EF872F28C63300DA6EB2;
			remoteInfo = "Comic Archiv";
		};
/* End PBXContainerItemProxy section */

/* Begin PBXFileReference section */
		A8A57E5E2F6ACCCC001981F1 /* Info.plist */ = {isa = PBXFileReference; lastKnownFileType = text.plist.xml; path = Info.plist; sourceTree = "<group>"; };
		A8A57E602F6AFE28001981F1 /* WhatToReadNextView.swift */ = {isa = PBXFileReference; lastKnownFileType = sourcecode.swift; path = WhatToReadNextView.swift; sourceTree = "<group>"; };
		A8C4EF882F28C63300DA6EB2 /* Comic Archiv.app */ = {isa = PBXFileReference; explicitFileType = wrapper.application; includeInIndex = 0; path = "Comic Archiv.app"; sourceTree = BUILT_PRODUCTS_DIR; };
		A8C4EF8D2F28C63300DA6EB2 /* ContentView.swift */ = {isa = PBXFileReference; lastKnownFileType = sourcecode.swift; path = ContentView.swift; sourceTree = "<group>"; };
		A8C4EF8F2F28C63300DA6EB2 /* Item.swift */ = {isa = PBXFileReference; lastKnownFileType = sourcecode.swift; path = Item.swift; sourceTree = "<group>"; };
		A8C4EF972F28C63500DA6EB2 /* Comic ArchivTests.xctest */ = {isa = PBXFileReference; explicitFileType = wrapper.cfbundle; includeInIndex = 0; path = "Comic ArchivTests.xctest"; sourceTree = BUILT_PRODUCTS_DIR; };
		A8C4EFA12F28C63500DA6EB2 /* Comic ArchivUITests.xctest */ = {isa = PBXFileReference; explicitFileType = wrapper.cfbundle; includeInIndex = 0; path = "Comic ArchivUITests.xctest"; sourceTree = BUILT_PRODUCTS_DIR; };
		A8C4EFBA2F29192700DA6EB2 /* Comic.swift */ = {isa = PBXFileReference; lastKnownFileType = sourcecode.swift; path = Comic.swift; sourceTree = "<group>"; };
		A8C4EFBC2F2919BE00DA6EB2 /* ComicListe.swift */ = {isa = PBXFileReference; lastKnownFileType = sourcecode.swift; path = ComicListe.swift; sourceTree = "<group>"; };
		A8C4EFBE2F291A7600DA6EB2 /* TestData.swift */ = {isa = PBXFileReference; lastKnownFileType = sourcecode.swift; path = TestData.swift; sourceTree = "<group>"; };
		A8C4EFC02F291B4B00DA6EB2 /* MainView.swift */ = {isa = PBXFileReference; lastKnownFileType = sourcecode.swift; path = MainView.swift; sourceTree = "<group>"; };
		A8C4EFC22F291B7500DA6EB2 /* SidebarView.swift */ = {isa = PBXFileReference; lastKnownFileType = sourcecode.swift; path = SidebarView.swift; sourceTree = "<group>"; };
		A8C4EFC42F291C8100DA6EB2 /* ComicGridView.swift */ = {isa = PBXFileReference; lastKnownFileType = sourcecode.swift; path = ComicGridView.swift; sourceTree = "<group>"; };
		A8C4EFC62F291C9E00DA6EB2 /* ComicCardView.swift */ = {isa = PBXFileReference; lastKnownFileType = sourcecode.swift; path = ComicCardView.swift; sourceTree = "<group>"; };
		A8C4EFC82F291E5E00DA6EB2 /* ComicViewModel.swift */ = {isa = PBXFileReference; lastKnownFileType = sourcecode.swift; path = ComicViewModel.swift; sourceTree = "<group>"; };
		A8C4EFCA2F291EC800DA6EB2 /* AddComicSheet.swift */ = {isa = PBXFileReference; lastKnownFileType = sourcecode.swift; path = AddComicSheet.swift; sourceTree = "<group>"; };
		A8C4EFCC2F29206800DA6EB2 /* ComicDetailView.swift */ = {isa = PBXFileReference; lastKnownFileType = sourcecode.swift; path = ComicDetailView.swift; sourceTree = "<group>"; };
		A8C4EFCE2F29249900DA6EB2 /* AddListeSheet.swift */ = {isa = PBXFileReference; lastKnownFileType = sourcecode.swift; path = AddListeSheet.swift; sourceTree = "<group>"; };
		A8C4EFD02F2924DF00DA6EB2 /* EditListeSheet.swift */ = {isa = PBXFileReference; lastKnownFileType = sourcecode.swift; path = EditListeSheet.swift; sourceTree = "<group>"; };
		A8C4EFD22F292BAE00DA6EB2 /* ImageManager.swift */ = {isa = PBXFileReference; lastKnownFileType = sourcecode.swift; path = ImageManager.swift; sourceTree = "<group>"; };
		A8C4EFD42F2A715200DA6EB2 /* ReadingOrderEntry.swift */ = {isa = PBXFileReference; lastKnownFileType = sourcecode.swift; path = ReadingOrderEntry.swift; sourceTree = "<group>"; };
		A8F370582F2A7D9900831043 /* TestReadingOrder.swift */ = {isa = PBXFileReference; lastKnownFileType = sourcecode.swift; path = TestReadingOrder.swift; sourceTree = "<group>"; };
		A8F3705D2F2B52AD00831043 /* AddReadingOrderSheet.swift */ = {isa = PBXFileReference; lastKnownFileType = sourcecode.swift; path = AddReadingOrderSheet.swift; sourceTree = "<group>"; };
		A8F3705F2F2B6E6400831043 /* ReadingOrderContentView.swift */ = {isa = PBXFileReference; lastKnownFileType = sourcecode.swift; path = ReadingOrderContentView.swift; sourceTree = "<group>"; };
		A8F370612F2B714700831043 /* AddReadingOrderEntrySheet.swift */ = {isa = PBXFileReference; lastKnownFileType = sourcecode.swift; path = AddReadingOrderEntrySheet.swift; sourceTree = "<group>"; };
		A8F370632F2B7EA600831043 /* EditReadingOrderEntrySheet.swift */ = {isa = PBXFileReference; lastKnownFileType = sourcecode.swift; path = EditReadingOrderEntrySheet.swift; sourceTree = "<group>"; };
		A8F370652F2B8EF700831043 /* AddComicSheetForPlaceholder.swift */ = {isa = PBXFileReference; lastKnownFileType = sourcecode.swift; path = AddComicSheetForPlaceholder.swift; sourceTree = "<group>"; };
		A8F370672F2CAF9000831043 /* PlaceholderComic.swift */ = {isa = PBXFileReference; lastKnownFileType = sourcecode.swift; path = PlaceholderComic.swift; sourceTree = "<group>"; };
		A8F370692F2CF6B100831043 /* WishlistContentView.swift */ = {isa = PBXFileReference; lastKnownFileType = sourcecode.swift; path = WishlistContentView.swift; sourceTree = "<group>"; };
		BB000002BB000002BB000002 /* ComicSearchService.swift */ = {isa = PBXFileReference; lastKnownFileType = sourcecode.swift; path = ComicSearchService.swift; sourceTree = "<group>"; };
		BB000006BB000006BB000006 /* KeychainHelper.swift */ = {isa = PBXFileReference; lastKnownFileType = sourcecode.swift; path = KeychainHelper.swift; sourceTree = "<group>"; };
		BB000008BB000008BB000008 /* MALImportService.swift */ = {isa = PBXFileReference; lastKnownFileType = sourcecode.swift; path = MALImportService.swift; sourceTree = "<group>"; };
		BB000016BB000016BB000016 /* StarRatingView.swift */ = {isa = PBXFileReference; lastKnownFileType = sourcecode.swift; path = StarRatingView.swift; sourceTree = "<group>"; };
		BB000018BB000018BB000018 /* SeriesGridView.swift */ = {isa = PBXFileReference; lastKnownFileType = sourcecode.swift; path = SeriesGridView.swift; sourceTree = "<group>"; };
		BB000020BB000020BB000020 /* AppSchema.swift */ = {isa = PBXFileReference; lastKnownFileType = sourcecode.swift; path = AppSchema.swift; sourceTree = "<group>"; };
		BB000022BB000022BB000022 /* XLSXService.swift */ = {isa = PBXFileReference; lastKnownFileType = sourcecode.swift; path = XLSXService.swift; sourceTree = "<group>"; };
		BB000024BB000024BB000024 /* XLSXImportPreviewView.swift */ = {isa = PBXFileReference; lastKnownFileType = sourcecode.swift; path = XLSXImportPreviewView.swift; sourceTree = "<group>"; };
		BB000010BB000010BB000010 /* MALImportView.swift */ = {isa = PBXFileReference; lastKnownFileType = sourcecode.swift; path = MALImportView.swift; sourceTree = "<group>"; };
		BB000012BB000012BB000012 /* Secrets.swift */ = {isa = PBXFileReference; lastKnownFileType = sourcecode.swift; path = Secrets.swift; sourceTree = "<group>"; };
		BB000013BB000013BB000013 /* Secrets.template.swift */ = {isa = PBXFileReference; lastKnownFileType = sourcecode.swift; path = Secrets.template.swift; sourceTree = "<group>"; };
		BB000004BB000004BB000004 /* ComicSearchSection.swift */ = {isa = PBXFileReference; lastKnownFileType = sourcecode.swift; path = ComicSearchSection.swift; sourceTree = "<group>"; };
/* End PBXFileReference section */

/* Begin PBXFileSystemSynchronizedRootGroup section */
		A8C4EF8A2F28C63300DA6EB2 /* Comic Archiv */ = {
			isa = PBXFileSystemSynchronizedRootGroup;
			path = "Comic Archiv";
			sourceTree = "<group>";
		};
		A8C4EF9A2F28C63500DA6EB2 /* Comic ArchivTests */ = {
			isa = PBXFileSystemSynchronizedRootGroup;
			path = "Comic ArchivTests";
			sourceTree = "<group>";
		};
		A8C4EFA42F28C63500DA6EB2 /* Comic ArchivUITests */ = {
			isa = PBXFileSystemSynchronizedRootGroup;
			path = "Comic ArchivUITests";
			sourceTree = "<group>";
		};
/* End PBXFileSystemSynchronizedRootGroup section */

/* Begin PBXFrameworksBuildPhase section */
		A8C4EF852F28C63300DA6EB2 /* Frameworks */ = {
			isa = PBXFrameworksBuildPhase;
			buildActionMask = 2147483647;
			files = (
			);
			runOnlyForDeploymentPostprocessing = 0;
		};
		A8C4EF942F28C63500DA6EB2 /* Frameworks */ = {
			isa = PBXFrameworksBuildPhase;
			buildActionMask = 2147483647;
			files = (
			);
			runOnlyForDeploymentPostprocessing = 0;
		};
		A8C4EF9E2F28C63500DA6EB2 /* Frameworks */ = {
			isa = PBXFrameworksBuildPhase;
			buildActionMask = 2147483647;
			files = (
			);
			runOnlyForDeploymentPostprocessing = 0;
		};
/* End PBXFrameworksBuildPhase section */

/* Begin PBXGroup section */
		A8C4EF7F2F28C63300DA6EB2 = {
			isa = PBXGroup;
			children = (
				A8F3705C2F2A7DF500831043 /* Helpers */,
				BB000014BB000014BB000014 /* Config */,
				A8C4EFB92F28CD6100DA6EB2 /* Services */,
				A8C4EFB82F28CD5500DA6EB2 /* ViewModels */,
				A8C4EFB72F28CD3200DA6EB2 /* Views */,
				A8C4EFB52F28CCCD00DA6EB2 /* Models */,
				A8C4EF8A2F28C63300DA6EB2 /* Comic Archiv */,
				A8C4EF9A2F28C63500DA6EB2 /* Comic ArchivTests */,
				A8C4EFA42F28C63500DA6EB2 /* Comic ArchivUITests */,
				A8C4EF892F28C63300DA6EB2 /* Products */,
				A8A57E5E2F6ACCCC001981F1 /* Info.plist */,
			);
			sourceTree = "<group>";
		};
		A8C4EF892F28C63300DA6EB2 /* Products */ = {
			isa = PBXGroup;
			children = (
				A8C4EF882F28C63300DA6EB2 /* Comic Archiv.app */,
				A8C4EF972F28C63500DA6EB2 /* Comic ArchivTests.xctest */,
				A8C4EFA12F28C63500DA6EB2 /* Comic ArchivUITests.xctest */,
			);
			name = Products;
			sourceTree = "<group>";
		};
		A8C4EFB52F28CCCD00DA6EB2 /* Models */ = {
			isa = PBXGroup;
			children = (
				A8C4EF8F2F28C63300DA6EB2 /* Item.swift */,
				A8C4EFBA2F29192700DA6EB2 /* Comic.swift */,
				A8C4EFBC2F2919BE00DA6EB2 /* ComicListe.swift */,
				A8C4EFD42F2A715200DA6EB2 /* ReadingOrderEntry.swift */,
				A8C4EFBE2F291A7600DA6EB2 /* TestData.swift */,
				A8F370672F2CAF9000831043 /* PlaceholderComic.swift */,
				BB000020BB000020BB000020 /* AppSchema.swift */,
			);
			path = Models;
			sourceTree = "<group>";
		};
		A8C4EFB72F28CD3200DA6EB2 /* Views */ = {
			isa = PBXGroup;
			children = (
				A8C4EF8D2F28C63300DA6EB2 /* ContentView.swift */,
				A8C4EFC02F291B4B00DA6EB2 /* MainView.swift */,
				A8C4EFC22F291B7500DA6EB2 /* SidebarView.swift */,
				A8C4EFC42F291C8100DA6EB2 /* ComicGridView.swift */,
				A8C4EFC62F291C9E00DA6EB2 /* ComicCardView.swift */,
				A8C4EFCA2F291EC800DA6EB2 /* AddComicSheet.swift */,
				A8C4EFCC2F29206800DA6EB2 /* ComicDetailView.swift */,
				A8C4EFCE2F29249900DA6EB2 /* AddListeSheet.swift */,
				A8C4EFD02F2924DF00DA6EB2 /* EditListeSheet.swift */,
				A8F3705D2F2B52AD00831043 /* AddReadingOrderSheet.swift */,
				A8F3705F2F2B6E6400831043 /* ReadingOrderContentView.swift */,
				A8F370612F2B714700831043 /* AddReadingOrderEntrySheet.swift */,
				A8F370632F2B7EA600831043 /* EditReadingOrderEntrySheet.swift */,
				A8F370652F2B8EF700831043 /* AddComicSheetForPlaceholder.swift */,
				A8F370692F2CF6B100831043 /* WishlistContentView.swift */,
				A8A57E602F6AFE28001981F1 /* WhatToReadNextView.swift */,
				BB000004BB000004BB000004 /* ComicSearchSection.swift */,
				BB000010BB000010BB000010 /* MALImportView.swift */,
				BB000016BB000016BB000016 /* StarRatingView.swift */,
				BB000018BB000018BB000018 /* SeriesGridView.swift */,
				BB000024BB000024BB000024 /* XLSXImportPreviewView.swift */,
			);
			path = Views;
			sourceTree = "<group>";
		};
		A8C4EFB82F28CD5500DA6EB2 /* ViewModels */ = {
			isa = PBXGroup;
			children = (
				A8C4EFC82F291E5E00DA6EB2 /* ComicViewModel.swift */,
			);
			path = ViewModels;
			sourceTree = "<group>";
		};
		A8C4EFB92F28CD6100DA6EB2 /* Services */ = {
			isa = PBXGroup;
			children = (
				A8C4EFD22F292BAE00DA6EB2 /* ImageManager.swift */,
				BB000002BB000002BB000002 /* ComicSearchService.swift */,
				BB000006BB000006BB000006 /* KeychainHelper.swift */,
				BB000008BB000008BB000008 /* MALImportService.swift */,
				BB000022BB000022BB000022 /* XLSXService.swift */,
			);
			path = Services;
			sourceTree = "<group>";
		};
		A8F3705C2F2A7DF500831043 /* Helpers */ = {
			isa = PBXGroup;
			children = (
				A8F370582F2A7D9900831043 /* TestReadingOrder.swift */,
			);
			path = Helpers;
			sourceTree = "<group>";
		};
		BB000014BB000014BB000014 /* Config */ = {
			isa = PBXGroup;
			children = (
				BB000012BB000012BB000012 /* Secrets.swift */,
				BB000013BB000013BB000013 /* Secrets.template.swift */,
			);
			path = Config;
			sourceTree = "<group>";
		};
/* End PBXGroup section */

/* Begin PBXNativeTarget section */
		A8C4EF872F28C63300DA6EB2 /* Comic Archiv */ = {
			isa = PBXNativeTarget;
			buildConfigurationList = A8C4EFAB2F28C63500DA6EB2 /* Build configuration list for PBXNativeTarget "Comic Archiv" */;
			buildPhases = (
				A8C4EF842F28C63300DA6EB2 /* Sources */,
				A8C4EF852F28C63300DA6EB2 /* Frameworks */,
				A8C4EF862F28C63300DA6EB2 /* Resources */,
			);
			buildRules = (
			);
			dependencies = (
			);
			fileSystemSynchronizedGroups = (
				A8C4EF8A2F28C63300DA6EB2 /* Comic Archiv */,
			);
			name = "Comic Archiv";
			packageProductDependencies = (
			);
			productName = "Comic Archiv";
			productReference = A8C4EF882F28C63300DA6EB2 /* Comic Archiv.app */;
			productType = "com.apple.product-type.application";
		};
		A8C4EF962F28C63500DA6EB2 /* Comic ArchivTests */ = {
			isa = PBXNativeTarget;
			buildConfigurationList = A8C4EFAE2F28C63500DA6EB2 /* Build configuration list for PBXNativeTarget "Comic ArchivTests" */;
			buildPhases = (
				A8C4EF932F28C63500DA6EB2 /* Sources */,
				A8C4EF942F28C63500DA6EB2 /* Frameworks */,
				A8C4EF952F28C63500DA6EB2 /* Resources */,
			);
			buildRules = (
			);
			dependencies = (
				A8C4EF992F28C63500DA6EB2 /* PBXTargetDependency */,
			);
			fileSystemSynchronizedGroups = (
				A8C4EF9A2F28C63500DA6EB2 /* Comic ArchivTests */,
			);
			name = "Comic ArchivTests";
			packageProductDependencies = (
			);
			productName = "Comic ArchivTests";
			productReference = A8C4EF972F28C63500DA6EB2 /* Comic ArchivTests.xctest */;
			productType = "com.apple.product-type.bundle.unit-test";
		};
		A8C4EFA02F28C63500DA6EB2 /* Comic ArchivUITests */ = {
			isa = PBXNativeTarget;
			buildConfigurationList = A8C4EFB12F28C63500DA6EB2 /* Build configuration list for PBXNativeTarget "Comic ArchivUITests" */;
			buildPhases = (
				A8C4EF9D2F28C63500DA6EB2 /* Sources */,
				A8C4EF9E2F28C63500DA6EB2 /* Frameworks */,
				A8C4EF9F2F28C63500DA6EB2 /* Resources */,
			);
			buildRules = (
			);
			dependencies = (
				A8C4EFA32F28C63500DA6EB2 /* PBXTargetDependency */,
			);
			fileSystemSynchronizedGroups = (
				A8C4EFA42F28C63500DA6EB2 /* Comic ArchivUITests */,
			);
			name = "Comic ArchivUITests";
			packageProductDependencies = (
			);
			productName = "Comic ArchivUITests";
			productReference = A8C4EFA12F28C63500DA6EB2 /* Comic ArchivUITests.xctest */;
			productType = "com.apple.product-type.bundle.ui-testing";
		};
/* End PBXNativeTarget section */

/* Begin PBXProject section */
		A8C4EF802F28C63300DA6EB2 /* Project object */ = {
			isa = PBXProject;
			attributes = {
				BuildIndependentTargetsInParallel = 1;
				LastSwiftUpdateCheck = 2620;
				LastUpgradeCheck = 2630;
				TargetAttributes = {
					A8C4EF872F28C63300DA6EB2 = {
						CreatedOnToolsVersion = 26.2;
					};
					A8C4EF962F28C63500DA6EB2 = {
						CreatedOnToolsVersion = 26.2;
						TestTargetID = A8C4EF872F28C63300DA6EB2;
					};
					A8C4EFA02F28C63500DA6EB2 = {
						CreatedOnToolsVersion = 26.2;
						TestTargetID = A8C4EF872F28C63300DA6EB2;
					};
				};
			};
			buildConfigurationList = A8C4EF832F28C63300DA6EB2 /* Build configuration list for PBXProject "Comic Archiv" */;
			developmentRegion = en;
			hasScannedForEncodings = 0;
			knownRegions = (
				en,
				Base,
			);
			mainGroup = A8C4EF7F2F28C63300DA6EB2;
			minimizedProjectReferenceProxies = 1;
			preferredProjectObjectVersion = 77;
			productRefGroup = A8C4EF892F28C63300DA6EB2 /* Products */;
			projectDirPath = "";
			projectRoot = "";
			targets = (
				A8C4EF872F28C63300DA6EB2 /* Comic Archiv */,
				A8C4EF962F28C63500DA6EB2 /* Comic ArchivTests */,
				A8C4EFA02F28C63500DA6EB2 /* Comic ArchivUITests */,
			);
		};
/* End PBXProject section */

/* Begin PBXResourcesBuildPhase section */
		A8C4EF862F28C63300DA6EB2 /* Resources */ = {
			isa = PBXResourcesBuildPhase;
			buildActionMask = 2147483647;
			files = (
				A8A57E5F2F6ACCCC001981F1 /* Info.plist in Resources */,
			);
			runOnlyForDeploymentPostprocessing = 0;
		};
		A8C4EF952F28C63500DA6EB2 /* Resources */ = {
			isa = PBXResourcesBuildPhase;
			buildActionMask = 2147483647;
			files = (
			);
			runOnlyForDeploymentPostprocessing = 0;
		};
		A8C4EF9F2F28C63500DA6EB2 /* Resources */ = {
			isa = PBXResourcesBuildPhase;
			buildActionMask = 2147483647;
			files = (
			);
			runOnlyForDeploymentPostprocessing = 0;
		};
/* End PBXResourcesBuildPhase section */

/* Begin PBXSourcesBuildPhase section */
		A8C4EF842F28C63300DA6EB2 /* Sources */ = {
			isa = PBXSourcesBuildPhase;
			buildActionMask = 2147483647;
			files = (
				A8C4EFD12F2924DF00DA6EB2 /* EditListeSheet.swift in Sources */,
				A8F370662F2B8EF700831043 /* AddComicSheetForPlaceholder.swift in Sources */,
				A8C4EFBD2F2919BE00DA6EB2 /* ComicListe.swift in Sources */,
				A8F370622F2B714700831043 /* AddReadingOrderEntrySheet.swift in Sources */,
				A8C4EFC92F291E5E00DA6EB2 /* ComicViewModel.swift in Sources */,
				A8C4EFC32F291B7500DA6EB2 /* SidebarView.swift in Sources */,
				A8F370682F2CAF9000831043 /* PlaceholderComic.swift in Sources */,
				BB000019BB000019BB000019 /* AppSchema.swift in Sources */,
				A8C4EFC12F291B4B00DA6EB2 /* MainView.swift in Sources */,
				A8C4EFC52F291C8100DA6EB2 /* ComicGridView.swift in Sources */,
				A8F3705E2F2B52AD00831043 /* AddReadingOrderSheet.swift in Sources */,
				A8C4EF8E2F28C63300DA6EB2 /* ContentView.swift in Sources */,
				A8C4EFBB2F29192700DA6EB2 /* Comic.swift in Sources */,
				A8F370592F2A7D9900831043 /* TestReadingOrder.swift in Sources */,
				A8C4EFCB2F291EC800DA6EB2 /* AddComicSheet.swift in Sources */,
				A8A57E612F6AFE28001981F1 /* WhatToReadNextView.swift in Sources */,
				BB000001BB000001BB000001 /* ComicSearchService.swift in Sources */,
				BB000005BB000005BB000005 /* KeychainHelper.swift in Sources */,
				BB000007BB000007BB000007 /* MALImportService.swift in Sources */,
				BB000015BB000015BB000015 /* StarRatingView.swift in Sources */,
				BB000017BB000017BB000017 /* SeriesGridView.swift in Sources */,
				BB000011BB000011BB000011 /* Secrets.swift in Sources */,
				BB000009BB000009BB000009 /* MALImportView.swift in Sources */,
				BB000003BB000003BB000003 /* ComicSearchSection.swift in Sources */,
				A8C4EFD52F2A715200DA6EB2 /* ReadingOrderEntry.swift in Sources */,
				A8C4EFBF2F291A7600DA6EB2 /* TestData.swift in Sources */,
				A8C4EF902F28C63300DA6EB2 /* Item.swift in Sources */,
				A8F370642F2B7EA600831043 /* EditReadingOrderEntrySheet.swift in Sources */,
				A8C4EFD32F292BAE00DA6EB2 /* ImageManager.swift in Sources */,
				A8F370602F2B6E6400831043 /* ReadingOrderContentView.swift in Sources */,
				A8C4EFCD2F29206800DA6EB2 /* ComicDetailView.swift in Sources */,
				A8C4EFC72F291C9E00DA6EB2 /* ComicCardView.swift in Sources */,
				A8C4EFCF2F29249900DA6EB2 /* AddListeSheet.swift in Sources */,
				A8F3706A2F2CF6B100831043 /* WishlistContentView.swift in Sources */,
				BB000021BB000021BB000021 /* XLSXService.swift in Sources */,
				BB000023BB000023BB000023 /* XLSXImportPreviewView.swift in Sources */,
			);
			runOnlyForDeploymentPostprocessing = 0;
		};
		A8C4EF932F28C63500DA6EB2 /* Sources */ = {
			isa = PBXSourcesBuildPhase;
			buildActionMask = 2147483647;
			files = (
			);
			runOnlyForDeploymentPostprocessing = 0;
		};
		A8C4EF9D2F28C63500DA6EB2 /* Sources */ = {
			isa = PBXSourcesBuildPhase;
			buildActionMask = 2147483647;
			files = (
			);
			runOnlyForDeploymentPostprocessing = 0;
		};
/* End PBXSourcesBuildPhase section */

/* Begin PBXTargetDependency section */
		A8C4EF992F28C63500DA6EB2 /* PBXTargetDependency */ = {
			isa = PBXTargetDependency;
			target = A8C4EF872F28C63300DA6EB2 /* Comic Archiv */;
			targetProxy = A8C4EF982F28C63500DA6EB2 /* PBXContainerItemProxy */;
		};
		A8C4EFA32F28C63500DA6EB2 /* PBXTargetDependency */ = {
			isa = PBXTargetDependency;
			target = A8C4EF872F28C63300DA6EB2 /* Comic Archiv */;
			targetProxy = A8C4EFA22F28C63500DA6EB2 /* PBXContainerItemProxy */;
		};
/* End PBXTargetDependency section */

/* Begin XCBuildConfiguration section */
		A8C4EFA92F28C63500DA6EB2 /* Debug */ = {
			isa = XCBuildConfiguration;
			buildSettings = {
				ALWAYS_SEARCH_USER_PATHS = NO;
				ASSETCATALOG_COMPILER_GENERATE_SWIFT_ASSET_SYMBOL_EXTENSIONS = YES;
				CLANG_ANALYZER_NONNULL = YES;
				CLANG_ANALYZER_NUMBER_OBJECT_CONVERSION = YES_AGGRESSIVE;
				CLANG_CXX_LANGUAGE_STANDARD = "gnu++20";
				CLANG_ENABLE_MODULES = YES;
				CLANG_ENABLE_OBJC_ARC = YES;
				CLANG_ENABLE_OBJC_WEAK = YES;
				CLANG_WARN_BLOCK_CAPTURE_AUTORELEASING = YES;
				CLANG_WARN_BOOL_CONVERSION = YES;
				CLANG_WARN_COMMA = YES;
				CLANG_WARN_CONSTANT_CONVERSION = YES;
				CLANG_WARN_DEPRECATED_OBJC_IMPLEMENTATIONS = YES;
				CLANG_WARN_DIRECT_OBJC_ISA_USAGE = YES_ERROR;
				CLANG_WARN_DOCUMENTATION_COMMENTS = YES;
				CLANG_WARN_EMPTY_BODY = YES;
				CLANG_WARN_ENUM_CONVERSION = YES;
				CLANG_WARN_INFINITE_RECURSION = YES;
				CLANG_WARN_INT_CONVERSION = YES;
				CLANG_WARN_NON_LITERAL_NULL_CONVERSION = YES;
				CLANG_WARN_OBJC_IMPLICIT_RETAIN_SELF = YES;
				CLANG_WARN_OBJC_LITERAL_CONVERSION = YES;
				CLANG_WARN_OBJC_ROOT_CLASS = YES_ERROR;
				CLANG_WARN_QUOTED_INCLUDE_IN_FRAMEWORK_HEADER = YES;
				CLANG_WARN_RANGE_LOOP_ANALYSIS = YES;
				CLANG_WARN_STRICT_PROTOTYPES = YES;
				CLANG_WARN_SUSPICIOUS_MOVE = YES;
				CLANG_WARN_UNGUARDED_AVAILABILITY = YES_AGGRESSIVE;
				CLANG_WARN_UNREACHABLE_CODE = YES;
				CLANG_WARN__DUPLICATE_METHOD_MATCH = YES;
				COPY_PHASE_STRIP = NO;
				DEAD_CODE_STRIPPING = YES;
				DEBUG_INFORMATION_FORMAT = dwarf;
				ENABLE_STRICT_OBJC_MSGSEND = YES;
				ENABLE_TESTABILITY = YES;
				ENABLE_USER_SCRIPT_SANDBOXING = YES;
				GCC_C_LANGUAGE_STANDARD = gnu17;
				GCC_DYNAMIC_NO_PIC = NO;
				GCC_NO_COMMON_BLOCKS = YES;
				GCC_OPTIMIZATION_LEVEL = 0;
				GCC_PREPROCESSOR_DEFINITIONS = (
					"DEBUG=1",
					"$(inherited)",
				);
				GCC_WARN_64_TO_32_BIT_CONVERSION = YES;
				GCC_WARN_ABOUT_RETURN_TYPE = YES_ERROR;
				GCC_WARN_UNDECLARED_SELECTOR = YES;
				GCC_WARN_UNINITIALIZED_AUTOS = YES_AGGRESSIVE;
				GCC_WARN_UNUSED_FUNCTION = YES;
				GCC_WARN_UNUSED_VARIABLE = YES;
				LOCALIZATION_PREFERS_STRING_CATALOGS = YES;
				MACOSX_DEPLOYMENT_TARGET = 26.2;
				MTL_ENABLE_DEBUG_INFO = INCLUDE_SOURCE;
				MTL_FAST_MATH = YES;
				ONLY_ACTIVE_ARCH = YES;
				SDKROOT = macosx;
				STRING_CATALOG_GENERATE_SYMBOLS = YES;
				SWIFT_ACTIVE_COMPILATION_CONDITIONS = "DEBUG $(inherited)";
				SWIFT_OPTIMIZATION_LEVEL = "-Onone";
			};
			name = Debug;
		};
		A8C4EFAA2F28C63500DA6EB2 /* Release */ = {
			isa = XCBuildConfiguration;
			buildSettings = {
				ALWAYS_SEARCH_USER_PATHS = NO;
				ASSETCATALOG_COMPILER_GENERATE_SWIFT_ASSET_SYMBOL_EXTENSIONS = YES;
				CLANG_ANALYZER_NONNULL = YES;
				CLANG_ANALYZER_NUMBER_OBJECT_CONVERSION = YES_AGGRESSIVE;
				CLANG_CXX_LANGUAGE_STANDARD = "gnu++20";
				CLANG_ENABLE_MODULES = YES;
				CLANG_ENABLE_OBJC_ARC = YES;
				CLANG_ENABLE_OBJC_WEAK = YES;
				CLANG_WARN_BLOCK_CAPTURE_AUTORELEASING = YES;
				CLANG_WARN_BOOL_CONVERSION = YES;
				CLANG_WARN_COMMA = YES;
				CLANG_WARN_CONSTANT_CONVERSION = YES;
				CLANG_WARN_DEPRECATED_OBJC_IMPLEMENTATIONS = YES;
				CLANG_WARN_DIRECT_OBJC_ISA_USAGE = YES_ERROR;
				CLANG_WARN_DOCUMENTATION_COMMENTS = YES;
				CLANG_WARN_EMPTY_BODY = YES;
				CLANG_WARN_ENUM_CONVERSION = YES;
				CLANG_WARN_INFINITE_RECURSION = YES;
				CLANG_WARN_INT_CONVERSION = YES;
				CLANG_WARN_NON_LITERAL_NULL_CONVERSION = YES;
				CLANG_WARN_OBJC_IMPLICIT_RETAIN_SELF = YES;
				CLANG_WARN_OBJC_LITERAL_CONVERSION = YES;
				CLANG_WARN_OBJC_ROOT_CLASS = YES_ERROR;
				CLANG_WARN_QUOTED_INCLUDE_IN_FRAMEWORK_HEADER = YES;
				CLANG_WARN_RANGE_LOOP_ANALYSIS = YES;
				CLANG_WARN_STRICT_PROTOTYPES = YES;
				CLANG_WARN_SUSPICIOUS_MOVE = YES;
				CLANG_WARN_UNGUARDED_AVAILABILITY = YES_AGGRESSIVE;
				CLANG_WARN_UNREACHABLE_CODE = YES;
				CLANG_WARN__DUPLICATE_METHOD_MATCH = YES;
				COPY_PHASE_STRIP = NO;
				DEAD_CODE_STRIPPING = YES;
				DEBUG_INFORMATION_FORMAT = "dwarf-with-dsym";
				ENABLE_NS_ASSERTIONS = NO;
				ENABLE_STRICT_OBJC_MSGSEND = YES;
				ENABLE_USER_SCRIPT_SANDBOXING = YES;
				GCC_C_LANGUAGE_STANDARD = gnu17;
				GCC_NO_COMMON_BLOCKS = YES;
				GCC_WARN_64_TO_32_BIT_CONVERSION = YES;
				GCC_WARN_ABOUT_RETURN_TYPE = YES_ERROR;
				GCC_WARN_UNDECLARED_SELECTOR = YES;
				GCC_WARN_UNINITIALIZED_AUTOS = YES_AGGRESSIVE;
				GCC_WARN_UNUSED_FUNCTION = YES;
				GCC_WARN_UNUSED_VARIABLE = YES;
				LOCALIZATION_PREFERS_STRING_CATALOGS = YES;
				MACOSX_DEPLOYMENT_TARGET = 26.2;
				MTL_ENABLE_DEBUG_INFO = NO;
				MTL_FAST_MATH = YES;
				SDKROOT = macosx;
				STRING_CATALOG_GENERATE_SYMBOLS = YES;
				SWIFT_COMPILATION_MODE = wholemodule;
			};
			name = Release;
		};
		A8C4EFAC2F28C63500DA6EB2 /* Debug */ = {
			isa = XCBuildConfiguration;
			buildSettings = {
				ASSETCATALOG_COMPILER_APPICON_NAME = AppIcon;
				ASSETCATALOG_COMPILER_GLOBAL_ACCENT_COLOR_NAME = AccentColor;
				CODE_SIGN_STYLE = Automatic;
				COMBINE_HIDPI_IMAGES = YES;
				CURRENT_PROJECT_VERSION = 1;
				DEAD_CODE_STRIPPING = YES;
				ENABLE_APP_SANDBOX = YES;
				ENABLE_INCOMING_NETWORK_CONNECTIONS = NO;
				ENABLE_OUTGOING_NETWORK_CONNECTIONS = YES;
				ENABLE_PREVIEWS = YES;
				ENABLE_RESOURCE_ACCESS_AUDIO_INPUT = NO;
				ENABLE_RESOURCE_ACCESS_BLUETOOTH = NO;
				ENABLE_RESOURCE_ACCESS_CALENDARS = NO;
				ENABLE_RESOURCE_ACCESS_CAMERA = NO;
				ENABLE_RESOURCE_ACCESS_CONTACTS = NO;
				ENABLE_RESOURCE_ACCESS_LOCATION = NO;
				ENABLE_RESOURCE_ACCESS_PRINTING = NO;
				ENABLE_RESOURCE_ACCESS_USB = NO;
				ENABLE_USER_SELECTED_FILES = readwrite;
				GENERATE_INFOPLIST_FILE = YES;
				INFOPLIST_KEY_NSHumanReadableCopyright = "";
				LD_RUNPATH_SEARCH_PATHS = (
					"$(inherited)",
					"@executable_path/../Frameworks",
				);
				MARKETING_VERSION = 1.0;
				PRODUCT_BUNDLE_IDENTIFIER = "istein.Comic-Archiv";
				PRODUCT_NAME = "$(TARGET_NAME)";
				REGISTER_APP_GROUPS = YES;
				STRING_CATALOG_GENERATE_SYMBOLS = YES;
				SWIFT_APPROACHABLE_CONCURRENCY = YES;
				SWIFT_DEFAULT_ACTOR_ISOLATION = MainActor;
				SWIFT_EMIT_LOC_STRINGS = YES;
				SWIFT_UPCOMING_FEATURE_MEMBER_IMPORT_VISIBILITY = YES;
				SWIFT_VERSION = 5.0;
			};
			name = Debug;
		};
		A8C4EFAD2F28C63500DA6EB2 /* Release */ = {
			isa = XCBuildConfiguration;
			buildSettings = {
				ASSETCATALOG_COMPILER_APPICON_NAME = AppIcon;
				ASSETCATALOG_COMPILER_GLOBAL_ACCENT_COLOR_NAME = AccentColor;
				CODE_SIGN_STYLE = Automatic;
				COMBINE_HIDPI_IMAGES = YES;
				CURRENT_PROJECT_VERSION = 1;
				DEAD_CODE_STRIPPING = YES;
				ENABLE_APP_SANDBOX = YES;
				ENABLE_INCOMING_NETWORK_CONNECTIONS = NO;
				ENABLE_OUTGOING_NETWORK_CONNECTIONS = YES;
				ENABLE_PREVIEWS = YES;
				ENABLE_RESOURCE_ACCESS_AUDIO_INPUT = NO;
				ENABLE_RESOURCE_ACCESS_BLUETOOTH = NO;
				ENABLE_RESOURCE_ACCESS_CALENDARS = NO;
				ENABLE_RESOURCE_ACCESS_CAMERA = NO;
				ENABLE_RESOURCE_ACCESS_CONTACTS = NO;
				ENABLE_RESOURCE_ACCESS_LOCATION = NO;
				ENABLE_RESOURCE_ACCESS_PRINTING = NO;
				ENABLE_RESOURCE_ACCESS_USB = NO;
				ENABLE_USER_SELECTED_FILES = readwrite;
				GENERATE_INFOPLIST_FILE = YES;
				INFOPLIST_KEY_NSHumanReadableCopyright = "";
				LD_RUNPATH_SEARCH_PATHS = (
					"$(inherited)",
					"@executable_path/../Frameworks",
				);
				MARKETING_VERSION = 1.0;
				PRODUCT_BUNDLE_IDENTIFIER = "istein.Comic-Archiv";
				PRODUCT_NAME = "$(TARGET_NAME)";
				REGISTER_APP_GROUPS = YES;
				STRING_CATALOG_GENERATE_SYMBOLS = YES;
				SWIFT_APPROACHABLE_CONCURRENCY = YES;
				SWIFT_DEFAULT_ACTOR_ISOLATION = MainActor;
				SWIFT_EMIT_LOC_STRINGS = YES;
				SWIFT_UPCOMING_FEATURE_MEMBER_IMPORT_VISIBILITY = YES;
				SWIFT_VERSION = 5.0;
			};
			name = Release;
		};
		A8C4EFAF2F28C63500DA6EB2 /* Debug */ = {
			isa = XCBuildConfiguration;
			buildSettings = {
				BUNDLE_LOADER = "$(TEST_HOST)";
				CODE_SIGN_STYLE = Automatic;
				CURRENT_PROJECT_VERSION = 1;
				DEAD_CODE_STRIPPING = YES;
				GENERATE_INFOPLIST_FILE = YES;
				MACOSX_DEPLOYMENT_TARGET = 26.2;
				MARKETING_VERSION = 1.0;
				PRODUCT_BUNDLE_IDENTIFIER = "istein.Comic-ArchivTests";
				PRODUCT_NAME = "$(TARGET_NAME)";
				STRING_CATALOG_GENERATE_SYMBOLS = NO;
				SWIFT_APPROACHABLE_CONCURRENCY = YES;
				SWIFT_EMIT_LOC_STRINGS = NO;
				SWIFT_UPCOMING_FEATURE_MEMBER_IMPORT_VISIBILITY = YES;
				SWIFT_VERSION = 5.0;
				TEST_HOST = "$(BUILT_PRODUCTS_DIR)/Comic Archiv.app/$(BUNDLE_EXECUTABLE_FOLDER_PATH)/Comic Archiv";
			};
			name = Debug;
		};
		A8C4EFB02F28C63500DA6EB2 /* Release */ = {
			isa = XCBuildConfiguration;
			buildSettings = {
				BUNDLE_LOADER = "$(TEST_HOST)";
				CODE_SIGN_STYLE = Automatic;
				CURRENT_PROJECT_VERSION = 1;
				DEAD_CODE_STRIPPING = YES;
				GENERATE_INFOPLIST_FILE = YES;
				MACOSX_DEPLOYMENT_TARGET = 26.2;
				MARKETING_VERSION = 1.0;
				PRODUCT_BUNDLE_IDENTIFIER = "istein.Comic-ArchivTests";
				PRODUCT_NAME = "$(TARGET_NAME)";
				STRING_CATALOG_GENERATE_SYMBOLS = NO;
				SWIFT_APPROACHABLE_CONCURRENCY = YES;
				SWIFT_EMIT_LOC_STRINGS = NO;
				SWIFT_UPCOMING_FEATURE_MEMBER_IMPORT_VISIBILITY = YES;
				SWIFT_VERSION = 5.0;
				TEST_HOST = "$(BUILT_PRODUCTS_DIR)/Comic Archiv.app/$(BUNDLE_EXECUTABLE_FOLDER_PATH)/Comic Archiv";
			};
			name = Release;
		};
		A8C4EFB22F28C63500DA6EB2 /* Debug */ = {
			isa = XCBuildConfiguration;
			buildSettings = {
				CODE_SIGN_STYLE = Automatic;
				CURRENT_PROJECT_VERSION = 1;
				DEAD_CODE_STRIPPING = YES;
				GENERATE_INFOPLIST_FILE = YES;
				MARKETING_VERSION = 1.0;
				PRODUCT_BUNDLE_IDENTIFIER = "istein.Comic-ArchivUITests";
				PRODUCT_NAME = "$(TARGET_NAME)";
				STRING_CATALOG_GENERATE_SYMBOLS = NO;
				SWIFT_APPROACHABLE_CONCURRENCY = YES;
				SWIFT_EMIT_LOC_STRINGS = NO;
				SWIFT_UPCOMING_FEATURE_MEMBER_IMPORT_VISIBILITY = YES;
				SWIFT_VERSION = 5.0;
				TEST_TARGET_NAME = "Comic Archiv";
			};
			name = Debug;
		};
		A8C4EFB32F28C63500DA6EB2 /* Release */ = {
			isa = XCBuildConfiguration;
			buildSettings = {
				CODE_SIGN_STYLE = Automatic;
				CURRENT_PROJECT_VERSION = 1;
				DEAD_CODE_STRIPPING = YES;
				GENERATE_INFOPLIST_FILE = YES;
				MARKETING_VERSION = 1.0;
				PRODUCT_BUNDLE_IDENTIFIER = "istein.Comic-ArchivUITests";
				PRODUCT_NAME = "$(TARGET_NAME)";
				STRING_CATALOG_GENERATE_SYMBOLS = NO;
				SWIFT_APPROACHABLE_CONCURRENCY = YES;
				SWIFT_EMIT_LOC_STRINGS = NO;
				SWIFT_UPCOMING_FEATURE_MEMBER_IMPORT_VISIBILITY = YES;
				SWIFT_VERSION = 5.0;
				TEST_TARGET_NAME = "Comic Archiv";
			};
			name = Release;
		};
/* End XCBuildConfiguration section */

/* Begin XCConfigurationList section */
		A8C4EF832F28C63300DA6EB2 /* Build configuration list for PBXProject "Comic Archiv" */ = {
			isa = XCConfigurationList;
			buildConfigurations = (
				A8C4EFA92F28C63500DA6EB2 /* Debug */,
				A8C4EFAA2F28C63500DA6EB2 /* Release */,
			);
			defaultConfigurationIsVisible = 0;
			defaultConfigurationName = Release;
		};
		A8C4EFAB2F28C63500DA6EB2 /* Build configuration list for PBXNativeTarget "Comic Archiv" */ = {
			isa = XCConfigurationList;
			buildConfigurations = (
				A8C4EFAC2F28C63500DA6EB2 /* Debug */,
				A8C4EFAD2F28C63500DA6EB2 /* Release */,
			);
			defaultConfigurationIsVisible = 0;
			defaultConfigurationName = Release;
		};
		A8C4EFAE2F28C63500DA6EB2 /* Build configuration list for PBXNativeTarget "Comic ArchivTests" */ = {
			isa = XCConfigurationList;
			buildConfigurations = (
				A8C4EFAF2F28C63500DA6EB2 /* Debug */,
				A8C4EFB02F28C63500DA6EB2 /* Release */,
			);
			defaultConfigurationIsVisible = 0;
			defaultConfigurationName = Release;
		};
		A8C4EFB12F28C63500DA6EB2 /* Build configuration list for PBXNativeTarget "Comic ArchivUITests" */ = {
			isa = XCConfigurationList;
			buildConfigurations = (
				A8C4EFB22F28C63500DA6EB2 /* Debug */,
				A8C4EFB32F28C63500DA6EB2 /* Release */,
			);
			defaultConfigurationIsVisible = 0;
			defaultConfigurationName = Release;
		};
/* End XCConfigurationList section */
	};
	rootObject = A8C4EF802F28C63300DA6EB2 /* Project object */;
}
